PODS:
  - Bond (6.6.0):
    - Differ (~> 1.0)
    - ReactiveKit (~> 3.8)
  - Differ (1.0.3)
  - ReactiveKit (3.8.2)

DEPENDENCIES:
  - Bond

SPEC CHECKSUMS:
  Bond: 181d6ff061f17fe87a84b12d6f0c4d76d5456ce4
  Differ: 0c220ac75542f5f17f91b1303b85bf07d871ecd7
  ReactiveKit: d2fe54503e0b6d0fa48b2cc6e0b0f99869f13ee6

PODFILE CHECKSUM: 90aa9a886ba7b9826f7bc5a593d93268e1724d03

COCOAPODS: 1.3.1
